# This file is autogenerated, do not edit; changes may be undone by the next 'dep ensure'.


[[projects]]
  digest = "1:aacef5f5e45685f2aeda5534d0a750dee6859de7e9088cdd06192787bb01ae6d"
  name = "github.com/go-errors/errors"
  packages = ["."]
  pruneopts = "UT"
  revision = "a6af135bd4e28680facf08a3d206b454abc877a4"
  version = "v1.0.1"

[[projects]]
  digest = "1:aaa8e0e7e35d92e21daed3f241832cee73d15ca1cd3302ba3843159a959a7eac"
  name = "github.com/klauspost/compress"
  packages = [
    "flate",
    "gzip",
    "zlib",
  ]
  pruneopts = "UT"
  revision = "30be6041bed523c18e269a700ebd9c2ea9328574"
  version = "v1.4.1"

[[projects]]
  digest = "1:2d643962fac133904694fffa959bc3c5dcfdcee38c6f5ffdd99a3c93eb9c835c"
  name = "github.com/klauspost/cpuid"
  packages = ["."]
  pruneopts = "UT"
  revision = "e7e905edc00ea8827e58662220139109efea09db"
  version = "v1.2.0"

[[projects]]
  digest = "1:c7a5e79396b6eb570159df7a1d487ce5775bf43b7907976fbef6de544ea160ad"
  name = "github.com/pierrec/lz4"
  packages = [
    ".",
    "internal/xxh32",
  ]
  pruneopts = "UT"
  revision = "473cd7ce01a1113208073166464b98819526150e"
  version = "v2.0.8"

[[projects]]
  digest = "1:c468422f334a6b46a19448ad59aaffdfc0a36b08fdcc1c749a0b29b6453d7e59"
  name = "github.com/valyala/bytebufferpool"
  packages = ["."]
  pruneopts = "UT"
  revision = "e746df99fe4a3986f4d4f79e13c1e0117ce9c2f7"
  version = "v1.0.0"

[[projects]]
  digest = "1:15ad8a80098fcc7a194b9db6b26d74072a852e4faa957848c8118193d3c69230"
  name = "github.com/valyala/fasthttp"
  packages = [
    ".",
    "fasthttputil",
    "stackless",
  ]
  pruneopts = "UT"
  revision = "e5f51c11919d4f66400334047b897ef0a94c6f3c"
  version = "v20180529"

[[projects]]
  branch = "master"
  digest = "1:b16542edb0884b008ef23a49fb2bedec1c043dc6d86973b8495b1f1026e32121"
  name = "github.com/vkcom/engine-go"
  packages = ["srvfunc"]
  pruneopts = "UT"
  revision = "e2cc962e10cc988c93d7411fdbce6a90e2d43609"

[[projects]]
  branch = "master"
  digest = "1:77fdc62404a6c4c0ba1bdcabb4ed2aa8c18aa8f592ad0f65453cd1a09075e78e"
  name = "github.com/vkcom/kittenhouse"
  packages = [
    "core/clickhouse",
    "core/cmd",
    "core/destination",
    "core/inmem",
    "core/kittenerror",
    "core/persist",
  ]
  pruneopts = "UT"
  revision = "8554fb4081758ebf33ed7a391a41ec49e89be48f"

[solve-meta]
  analyzer-name = "dep"
  analyzer-version = 1
  input-imports = [
    "github.com/pierrec/lz4",
    "github.com/valyala/fasthttp",
    "github.com/vkcom/engine-go/srvfunc",
    "github.com/vkcom/kittenhouse/core/clickhouse",
    "github.com/vkcom/kittenhouse/core/cmd",
    "github.com/vkcom/kittenhouse/core/destination",
    "github.com/vkcom/kittenhouse/core/inmem",
    "github.com/vkcom/kittenhouse/core/kittenerror",
    "github.com/vkcom/kittenhouse/core/persist",
  ]
  solver-name = "gps-cdcl"
  solver-version = 1
